# THIS IS AN AUTOGENERATED FILE. DO NOT EDIT THIS FILE DIRECTLY.
# yarn lockfile v1


accepts@~1.0.7:
  version "1.0.7"
  resolved "https://registry.yarnpkg.com/accepts/-/accepts-1.0.7.tgz#5b501fb4f0704309964ccdb048172541208dab1a"
  dependencies:
    mime-types "~1.0.0"
    negotiator "0.4.7"

after@0.8.1:
  version "0.8.1"
  resolved "https://registry.yarnpkg.com/after/-/after-0.8.1.tgz#ab5d4fb883f596816d3515f8f791c0af486dd627"

amdefine@>=0.0.4:
  version "1.0.1"
  resolved "https://registry.yarnpkg.com/amdefine/-/amdefine-1.0.1.tgz#4a5282ac164729e93619bcfd3ad151f817ce91f5"

arraybuffer.slice@0.0.6:
  version "0.0.6"
  resolved "https://registry.yarnpkg.com/arraybuffer.slice/-/arraybuffer.slice-0.0.6.tgz#f33b2159f0532a3f3107a272c0ccfbd1ad2979ca"

async@~0.2.6:
  version "0.2.10"
  resolved "https://registry.yarnpkg.com/async/-/async-0.2.10.tgz#b6bbe0b0674b9d719708ca38de8c237cb526c3d1"

balanced-match@^1.0.0:
  version "1.0.0"
  resolved "https://registry.yarnpkg.com/balanced-match/-/balanced-match-1.0.0.tgz#89b4d199ab2bee49de164ea02b89ce462d71b767"

base64-arraybuffer@0.1.2:
  version "0.1.2"
  resolved "https://registry.yarnpkg.com/base64-arraybuffer/-/base64-arraybuffer-0.1.2.tgz#474df4a9f2da24e05df3158c3b1db3c3cd46a154"

base64id@0.1.0:
  version "0.1.0"
  resolved "https://registry.yarnpkg.com/base64id/-/base64id-0.1.0.tgz#02ce0fdeee0cef4f40080e1e73e834f0b1bfce3f"

better-assert@~1.0.0:
  version "1.0.2"
  resolved "https://registry.yarnpkg.com/better-assert/-/better-assert-1.0.2.tgz#40866b9e1b9e0b55b481894311e68faffaebc522"
  dependencies:
    callsite "1.0.0"

blob@0.0.2:
  version "0.0.2"
  resolved "https://registry.yarnpkg.com/blob/-/blob-0.0.2.tgz#b89562bd6994af95ba1e812155536333aa23cf24"

body-parser@1.4.3:
  version "1.4.3"
  resolved "https://registry.yarnpkg.com/body-parser/-/body-parser-1.4.3.tgz#4727952cff4af0773eefa4b226c2f4122f5e234d"
  dependencies:
    bytes "1.0.0"
    depd "0.3.0"
    iconv-lite "0.4.3"
    media-typer "0.2.0"
    qs "0.6.6"
    raw-body "1.2.2"
    type-is "1.3.1"

brace-expansion@^1.1.7:
  version "1.1.11"
  resolved "https://registry.yarnpkg.com/brace-expansion/-/brace-expansion-1.1.11.tgz#3c7fcbf529d87226f3d2f52b966ff5271eb441dd"
  dependencies:
    balanced-match "^1.0.0"
    concat-map "0.0.1"

buffer-crc32@0.2.3:
  version "0.2.3"
  resolved "https://registry.yarnpkg.com/buffer-crc32/-/buffer-crc32-0.2.3.tgz#bb54519e95d107cbd2400e76d0cab1467336d921"

bytes@1, bytes@1.0.0:
  version "1.0.0"
  resolved "https://registry.yarnpkg.com/bytes/-/bytes-1.0.0.tgz#3569ede8ba34315fab99c3e92cb04c7220de1fa8"

callsite@1.0.0:
  version "1.0.0"
  resolved "https://registry.yarnpkg.com/callsite/-/callsite-1.0.0.tgz#280398e5d664bd74038b6f0905153e6e8af1bc20"

camelcase@^1.0.2:
  version "1.2.1"
  resolved "https://registry.yarnpkg.com/camelcase/-/camelcase-1.2.1.tgz#9bb5304d2e0b56698b2c758b08a3eaa9daa58a39"

character-parser@1.2.0:
  version "1.2.0"
  resolved "https://registry.yarnpkg.com/character-parser/-/character-parser-1.2.0.tgz#94134d6e5d870a39be359f7d22460935184ddef6"

commander@2.1.0:
  version "2.1.0"
  resolved "http://registry.npmjs.org/commander/-/commander-2.1.0.tgz#d121bbae860d9992a3d517ba96f56588e47c6781"

commander@~0.6.1:
  version "0.6.1"
  resolved "http://registry.npmjs.org/commander/-/commander-0.6.1.tgz#fa68a14f6a945d54dbbe50d8cdb3320e9e3b1a06"

component-bind@1.0.0:
  version "1.0.0"
  resolved "https://registry.yarnpkg.com/component-bind/-/component-bind-1.0.0.tgz#00c608ab7dcd93897c0009651b1d3a8e1e73bbd1"

component-emitter@1.1.2:
  version "1.1.2"
  resolved "https://registry.yarnpkg.com/component-emitter/-/component-emitter-1.1.2.tgz#296594f2753daa63996d2af08d15a95116c9aec3"

component-inherit@0.0.3:
  version "0.0.3"
  resolved "https://registry.yarnpkg.com/component-inherit/-/component-inherit-0.0.3.tgz#645fc4adf58b72b649d5cae65135619db26ff143"

concat-map@0.0.1:
  version "0.0.1"
  resolved "https://registry.yarnpkg.com/concat-map/-/concat-map-0.0.1.tgz#d8a96bd77fd68df7793a73036a3ba0d5405d477b"

constantinople@~2.0.0:
  version "2.0.1"
  resolved "https://registry.yarnpkg.com/constantinople/-/constantinople-2.0.1.tgz#5829f856f301a9bdb107d935f77d8eb8ccec4c79"
  dependencies:
    uglify-js "~2.4.0"

cookie-signature@1.0.4:
  version "1.0.4"
  resolved "https://registry.yarnpkg.com/cookie-signature/-/cookie-signature-1.0.4.tgz#0edd22286e3a111b9a2a70db363e925e867f6aca"

cookie@0.1.2:
  version "0.1.2"
  resolved "https://registry.yarnpkg.com/cookie/-/cookie-0.1.2.tgz#72fec3d24e48a3432073d90c12642005061004b1"

css-parse@1.0.4:
  version "1.0.4"
  resolved "https://registry.yarnpkg.com/css-parse/-/css-parse-1.0.4.tgz#38b0503fbf9da9f54e9c1dbda60e145c77117bdd"

css-stringify@1.0.5:
  version "1.0.5"
  resolved "https://registry.yarnpkg.com/css-stringify/-/css-stringify-1.0.5.tgz#b0d042946db2953bb9d292900a6cb5f6d0122031"

css@~1.0.8:
  version "1.0.8"
  resolved "http://registry.npmjs.org/css/-/css-1.0.8.tgz#9386811ca82bccc9ee7fb5a732b1e2a317c8a3e7"
  dependencies:
    css-parse "1.0.4"
    css-stringify "1.0.5"

debug@0.6.0:
  version "0.6.0"
  resolved "http://registry.npmjs.org/debug/-/debug-0.6.0.tgz#ce9d5d025d5294b3f0748a494bebaf3c9fd8734f"

debug@0.7.4:
  version "0.7.4"
  resolved "http://registry.npmjs.org/debug/-/debug-0.7.4.tgz#06e1ea8082c2cb14e39806e22e2f6f757f92af39"

debug@1.0.3:
  version "1.0.3"
  resolved "http://registry.npmjs.org/debug/-/debug-1.0.3.tgz#fc8c6b2d6002804b4081c0208e0f6460ba1fa3e4"
  dependencies:
    ms "0.6.2"

decamelize@^1.0.0:
  version "1.2.0"
  resolved "https://registry.yarnpkg.com/decamelize/-/decamelize-1.2.0.tgz#f6534d15148269b20352e7bee26f501f9a191290"

depd@0.3.0:
  version "0.3.0"
  resolved "https://registry.yarnpkg.com/depd/-/depd-0.3.0.tgz#11c9bc28e425325fbd8b38940beff69fa5326883"

ee-first@1.0.3:
  version "1.0.3"
  resolved "https://registry.yarnpkg.com/ee-first/-/ee-first-1.0.3.tgz#6c98c4089abecb5a7b85c1ac449aa603d3b3dabe"

"emitter@http://github.com/component/emitter/archive/1.0.1.tar.gz":
  version "1.0.1"
  uid ecf2b3245322eefd38409ffb899e0d0003fa6fe9
  resolved "http://github.com/component/emitter/archive/1.0.1.tar.gz#ecf2b3245322eefd38409ffb899e0d0003fa6fe9"
  dependencies:
    indexof "0.0.1"

engine.io-client@1.3.1:
  version "1.3.1"
  resolved "https://registry.yarnpkg.com/engine.io-client/-/engine.io-client-1.3.1.tgz#1c5a65d5c5af6d04b44c22c3dbcd95c39ed1c989"
  dependencies:
    component-emitter "1.1.2"
    component-inherit "0.0.3"
    debug "0.7.4"
    engine.io-parser "1.0.6"
    has-cors "1.0.3"
    indexof "0.0.1"
    parsejson "0.0.1"
    parseqs "0.0.2"
    parseuri "0.0.2"
    ws "0.4.31"
    xmlhttprequest "https://github.com/LearnBoost/node-XMLHttpRequest/archive/0f36d0b5ebc03d85f860d42a64ae9791e1daa433.tar.gz"

engine.io-parser@1.0.6:
  version "1.0.6"
  resolved "https://registry.yarnpkg.com/engine.io-parser/-/engine.io-parser-1.0.6.tgz#d38813143a411cb3b914132ab05bf99e6f7a248e"
  dependencies:
    after "0.8.1"
    arraybuffer.slice "0.0.6"
    base64-arraybuffer "0.1.2"
    blob "0.0.2"
    utf8 "2.0.0"

engine.io@1.3.1:
  version "1.3.1"
  resolved "https://registry.yarnpkg.com/engine.io/-/engine.io-1.3.1.tgz#2d968308fffae5d17f5209b6775246e90d8a705e"
  dependencies:
    base64id "0.1.0"
    debug "0.6.0"
    engine.io-parser "1.0.6"
    ws "0.4.31"

escape-html@1.0.1:
  version "1.0.1"
  resolved "https://registry.yarnpkg.com/escape-html/-/escape-html-1.0.1.tgz#181a286ead397a39a92857cfb1d43052e356bff0"

express@4.6.1:
  version "4.6.1"
  resolved "http://registry.npmjs.org/express/-/express-4.6.1.tgz#c806e51755cb453ba17fac2f343caff6af885df4"
  dependencies:
    accepts "~1.0.7"
    buffer-crc32 "0.2.3"
    cookie "0.1.2"
    cookie-signature "1.0.4"
    debug "1.0.3"
    depd "0.3.0"
    escape-html "1.0.1"
    finalhandler "0.0.3"
    fresh "0.2.2"
    media-typer "0.2.0"
    merge-descriptors "0.0.2"
    methods "1.1.0"
    parseurl "~1.1.3"
    path-to-regexp "0.1.3"
    proxy-addr "1.0.1"
    qs "0.6.6"
    range-parser "1.0.0"
    send "0.6.0"
    serve-static "~1.3.2"
    type-is "~1.3.2"
    utils-merge "1.0.0"
    vary "0.1.0"

finalhandler@0.0.3:
  version "0.0.3"
  resolved "https://registry.yarnpkg.com/finalhandler/-/finalhandler-0.0.3.tgz#5a86b7bc4dca3d1275eb0532c81ee81d747504df"
  dependencies:
    debug "1.0.3"
    escape-html "1.0.1"

finished@1.2.2:
  version "1.2.2"
  resolved "https://registry.yarnpkg.com/finished/-/finished-1.2.2.tgz#41608eafadfd65683b46a1220bc4b1ec3daedcd8"
  dependencies:
    ee-first "1.0.3"

fresh@0.2.2:
  version "0.2.2"
  resolved "https://registry.yarnpkg.com/fresh/-/fresh-0.2.2.tgz#9731dcf5678c7faeb44fb903c4f72df55187fa77"

"global@https://github.com/component/global/archive/v2.0.1.tar.gz":
  version "2.0.1"
  resolved "https://github.com/component/global/archive/v2.0.1.tar.gz#3fb25343fb66d79991b0f4a429ce3b54480eec3c"

has-binary-data@0.1.1:
  version "0.1.1"
  resolved "https://registry.yarnpkg.com/has-binary-data/-/has-binary-data-0.1.1.tgz#e10749fb87828a52df96f4086587eb4a03966439"
  dependencies:
    isarray "0.0.1"

has-cors@1.0.3:
  version "1.0.3"
  resolved "https://registry.yarnpkg.com/has-cors/-/has-cors-1.0.3.tgz#502acb9b3104dac33dd2630eaf2f888b0baf4cb3"
  dependencies:
    global "https://github.com/component/global/archive/v2.0.1.tar.gz"

iconv-lite@0.4.3:
  version "0.4.3"
  resolved "https://registry.yarnpkg.com/iconv-lite/-/iconv-lite-0.4.3.tgz#9e7887793b769cc695eb22d2546a4fd2d79b7a1e"

indexof@0.0.1:
  version "0.0.1"
  resolved "https://registry.yarnpkg.com/indexof/-/indexof-0.0.1.tgz#82dc336d232b9062179d05ab3293a66059fd435d"

ipaddr.js@0.1.2:
  version "0.1.2"
  resolved "https://registry.yarnpkg.com/ipaddr.js/-/ipaddr.js-0.1.2.tgz#6a1fd3d854f5002965c34d7bbcd9b4a8d4b0467e"

is-promise@~1:
  version "1.0.1"
  resolved "https://registry.yarnpkg.com/is-promise/-/is-promise-1.0.1.tgz#31573761c057e33c2e91aab9e96da08cefbe76e5"

isarray@0.0.1:
  version "0.0.1"
  resolved "https://registry.yarnpkg.com/isarray/-/isarray-0.0.1.tgz#8a18acfca9a8f4177e09abfc6038939b05d1eedf"

jade@1.4.2:
  version "1.4.2"
  resolved "https://registry.yarnpkg.com/jade/-/jade-1.4.2.tgz#39f8ae013df19a317cf43063882ea737f9593c16"
  dependencies:
    character-parser "1.2.0"
    commander "2.1.0"
    constantinople "~2.0.0"
    mkdirp "~0.5.0"
    monocle "1.1.51"
    transformers "2.1.0"
    with "~3.0.0"

json3@3.2.6:
  version "3.2.6"
  resolved "https://registry.yarnpkg.com/json3/-/json3-3.2.6.tgz#f6efc93c06a04de9aec53053df2559bb19e2038b"

media-typer@0.2.0:
  version "0.2.0"
  resolved "https://registry.yarnpkg.com/media-typer/-/media-typer-0.2.0.tgz#d8a065213adfeaa2e76321a2b6dda36ff6335984"

merge-descriptors@0.0.2:
  version "0.0.2"
  resolved "https://registry.yarnpkg.com/merge-descriptors/-/merge-descriptors-0.0.2.tgz#c36a52a781437513c57275f39dd9d317514ac8c7"

methods@1.1.0:
  version "1.1.0"
  resolved "https://registry.yarnpkg.com/methods/-/methods-1.1.0.tgz#5dca4ee12df52ff3b056145986a8f01cbc86436f"

mime-types@1.0.0:
  version "1.0.0"
  resolved "https://registry.yarnpkg.com/mime-types/-/mime-types-1.0.0.tgz#6a7b4a6af2e7d92f97afe03f047c7801e8f001d2"

mime-types@~1.0.0, mime-types@~1.0.1:
  version "1.0.2"
  resolved "https://registry.yarnpkg.com/mime-types/-/mime-types-1.0.2.tgz#995ae1392ab8affcbfcb2641dd054e943c0d5dce"

mime@1.2.11:
  version "1.2.11"
  resolved "https://registry.yarnpkg.com/mime/-/mime-1.2.11.tgz#58203eed86e3a5ef17aed2b7d9ebd47f0a60dd10"

minimatch@>=0.2.4:
  version "3.0.4"
  resolved "https://registry.yarnpkg.com/minimatch/-/minimatch-3.0.4.tgz#5166e286457f03306064be5497e8dbb0c3d32083"
  dependencies:
    brace-expansion "^1.1.7"

minimist@0.0.8:
  version "0.0.8"
  resolved "http://registry.npmjs.org/minimist/-/minimist-0.0.8.tgz#857fcabfc3397d2625b8228262e86aa7a011b05d"

mkdirp@~0.5.0:
  version "0.5.1"
  resolved "http://registry.npmjs.org/mkdirp/-/mkdirp-0.5.1.tgz#30057438eac6cf7f8c4767f38648d6697d75c903"
  dependencies:
    minimist "0.0.8"

monocle@1.1.51:
  version "1.1.51"
  resolved "https://registry.yarnpkg.com/monocle/-/monocle-1.1.51.tgz#22ed16e112e9b056769c5ccac920e375249d89c0"
  dependencies:
    readdirp "~0.2.3"

ms@0.6.2:
  version "0.6.2"
  resolved "https://registry.yarnpkg.com/ms/-/ms-0.6.2.tgz#d89c2124c6fdc1353d65a8b77bf1aac4b193708c"

nan@~0.3.0:
  version "0.3.2"
  resolved "https://registry.yarnpkg.com/nan/-/nan-0.3.2.tgz#0df1935cab15369075ef160ad2894107aa14dc2d"

negotiator@0.4.7:
  version "0.4.7"
  resolved "https://registry.yarnpkg.com/negotiator/-/negotiator-0.4.7.tgz#a4160f7177ec806738631d0d3052325da42abdc8"

object-component@0.0.3:
  version "0.0.3"
  resolved "https://registry.yarnpkg.com/object-component/-/object-component-0.0.3.tgz#f0c69aa50efc95b866c186f400a33769cb2f1291"

optimist@~0.3.5:
  version "0.3.7"
  resolved "https://registry.yarnpkg.com/optimist/-/optimist-0.3.7.tgz#c90941ad59e4273328923074d2cf2e7cbc6ec0d9"
  dependencies:
    wordwrap "~0.0.2"

options@>=0.0.5:
  version "0.0.6"
  resolved "https://registry.yarnpkg.com/options/-/options-0.0.6.tgz#ec22d312806bb53e731773e7cdaefcf1c643128f"

parsejson@0.0.1:
  version "0.0.1"
  resolved "https://registry.yarnpkg.com/parsejson/-/parsejson-0.0.1.tgz#9b10c6c0d825ab589e685153826de0a3ba278bcc"
  dependencies:
    better-assert "~1.0.0"

parseqs@0.0.2:
  version "0.0.2"
  resolved "https://registry.yarnpkg.com/parseqs/-/parseqs-0.0.2.tgz#9dfe70b2cddac388bde4f35b1f240fa58adbe6c7"
  dependencies:
    better-assert "~1.0.0"

parseuri@0.0.2:
  version "0.0.2"
  resolved "https://registry.yarnpkg.com/parseuri/-/parseuri-0.0.2.tgz#db41878f2d6964718be870b3140973d8093be156"
  dependencies:
    better-assert "~1.0.0"

parseurl@~1.1.3:
  version "1.1.3"
  resolved "https://registry.yarnpkg.com/parseurl/-/parseurl-1.1.3.tgz#1f005738ac71b417bc2d0845cbdfa2a8b63ea639"

path-to-regexp@0.1.3:
  version "0.1.3"
  resolved "https://registry.yarnpkg.com/path-to-regexp/-/path-to-regexp-0.1.3.tgz#21b9ab82274279de25b156ea08fd12ca51b8aecb"

promise@~2.0:
  version "2.0.0"
  resolved "https://registry.yarnpkg.com/promise/-/promise-2.0.0.tgz#46648aa9d605af5d2e70c3024bf59436da02b80e"
  dependencies:
    is-promise "~1"

proxy-addr@1.0.1:
  version "1.0.1"
  resolved "https://registry.yarnpkg.com/proxy-addr/-/proxy-addr-1.0.1.tgz#c7c566d5eb4e3fad67eeb9c77c5558ccc39b88a8"
  dependencies:
    ipaddr.js "0.1.2"

qs@0.6.6:
  version "0.6.6"
  resolved "https://registry.yarnpkg.com/qs/-/qs-0.6.6.tgz#6e015098ff51968b8a3c819001d5f2c89bc4b107"

range-parser@1.0.0:
  version "1.0.0"
  resolved "https://registry.yarnpkg.com/range-parser/-/range-parser-1.0.0.tgz#a4b264cfe0be5ce36abe3765ac9c2a248746dbc0"

range-parser@~1.0.0:
  version "1.0.3"
  resolved "https://registry.yarnpkg.com/range-parser/-/range-parser-1.0.3.tgz#6872823535c692e2c2a0103826afd82c2e0ff175"

raw-body@1.2.2:
  version "1.2.2"
  resolved "https://registry.yarnpkg.com/raw-body/-/raw-body-1.2.2.tgz#0c68e1ee28cfed7dba4822234aec6078461cbc1f"
  dependencies:
    bytes "1"
    iconv-lite "0.4.3"

readdirp@~0.2.3:
  version "0.2.5"
  resolved "http://registry.npmjs.org/readdirp/-/readdirp-0.2.5.tgz#c4c276e52977ae25db5191fe51d008550f15d9bb"
  dependencies:
    minimatch ">=0.2.4"

send@0.6.0:
  version "0.6.0"
  resolved "https://registry.yarnpkg.com/send/-/send-0.6.0.tgz#a59da9265db7c35141e1079cf1f368ee0d59b3ab"
  dependencies:
    debug "1.0.3"
    depd "0.3.0"
    escape-html "1.0.1"
    finished "1.2.2"
    fresh "0.2.2"
    mime "1.2.11"
    ms "0.6.2"
    range-parser "~1.0.0"

serve-static@~1.3.2:
  version "1.3.2"
  resolved "https://registry.yarnpkg.com/serve-static/-/serve-static-1.3.2.tgz#d904a6cbf55f511c78138f6f45ee6e69d9d105ca"
  dependencies:
    escape-html "1.0.1"
    parseurl "~1.1.3"
    send "0.6.0"

socket.io-adapter@0.2.0:
  version "0.2.0"
  resolved "https://registry.yarnpkg.com/socket.io-adapter/-/socket.io-adapter-0.2.0.tgz#bd39329b8961371787e24f345b074ec9cf000e33"
  dependencies:
    debug "0.7.4"
    socket.io-parser "2.1.2"

socket.io-client@1.0.6:
  version "1.0.6"
  resolved "https://registry.yarnpkg.com/socket.io-client/-/socket.io-client-1.0.6.tgz#c86cb3e507ab2f96da4500bd34fcf46a1e9dfe5e"
  dependencies:
    component-bind "1.0.0"
    component-emitter "1.1.2"
    debug "0.7.4"
    engine.io-client "1.3.1"
    has-binary-data "0.1.1"
    indexof "0.0.1"
    object-component "0.0.3"
    parseuri "0.0.2"
    socket.io-parser "2.2.0"
    to-array "0.1.3"

socket.io-parser@2.1.2:
  version "2.1.2"
  resolved "https://registry.yarnpkg.com/socket.io-parser/-/socket.io-parser-2.1.2.tgz#876655b9edd555c5bdf7301cedf30a436c67b8b0"
  dependencies:
    debug "0.7.4"
    emitter "http://github.com/component/emitter/archive/1.0.1.tar.gz"
    isarray "0.0.1"
    json3 "3.2.6"

socket.io-parser@2.2.0:
  version "2.2.0"
  resolved "https://registry.yarnpkg.com/socket.io-parser/-/socket.io-parser-2.2.0.tgz#2609601f59e6a7fab436a53be3d333fbbfcbd30a"
  dependencies:
    debug "0.7.4"
    emitter "http://github.com/component/emitter/archive/1.0.1.tar.gz"
    isarray "0.0.1"
    json3 "3.2.6"

socket.io@1.0.6:
  version "1.0.6"
  resolved "https://registry.yarnpkg.com/socket.io/-/socket.io-1.0.6.tgz#b566532888dae3ac9058a12f294015ebdfa8084a"
  dependencies:
    debug "0.7.4"
    engine.io "1.3.1"
    has-binary-data "0.1.1"
    socket.io-adapter "0.2.0"
    socket.io-client "1.0.6"
    socket.io-parser "2.2.0"

source-map@0.1.34:
  version "0.1.34"
  resolved "https://registry.yarnpkg.com/source-map/-/source-map-0.1.34.tgz#a7cfe89aec7b1682c3b198d0acfb47d7d090566b"
  dependencies:
    amdefine ">=0.0.4"

source-map@~0.1.7:
  version "0.1.43"
  resolved "https://registry.yarnpkg.com/source-map/-/source-map-0.1.43.tgz#c24bc146ca517c1471f5dacbe2571b2b7f9e3346"
  dependencies:
    amdefine ">=0.0.4"

tinycolor@0.x:
  version "0.0.1"
  resolved "https://registry.yarnpkg.com/tinycolor/-/tinycolor-0.0.1.tgz#320b5a52d83abb5978d81a3e887d4aefb15a6164"

to-array@0.1.3:
  version "0.1.3"
  resolved "https://registry.yarnpkg.com/to-array/-/to-array-0.1.3.tgz#d45dadc6363417f60f28474fea50ecddbb4f4991"

transformers@2.1.0:
  version "2.1.0"
  resolved "https://registry.yarnpkg.com/transformers/-/transformers-2.1.0.tgz#5d23cb35561dd85dc67fb8482309b47d53cce9a7"
  dependencies:
    css "~1.0.8"
    promise "~2.0"
    uglify-js "~2.2.5"

type-is@1.3.1:
  version "1.3.1"
  resolved "https://registry.yarnpkg.com/type-is/-/type-is-1.3.1.tgz#a6789b5a52138289ade1ef8f6d9f2874ffd70b6b"
  dependencies:
    media-typer "0.2.0"
    mime-types "1.0.0"

type-is@~1.3.2:
  version "1.3.2"
  resolved "https://registry.yarnpkg.com/type-is/-/type-is-1.3.2.tgz#4f2a5dc58775ca1630250afc7186f8b36309d1bb"
  dependencies:
    media-typer "0.2.0"
    mime-types "~1.0.1"

uglify-js@~2.2.5:
  version "2.2.5"
  resolved "http://registry.npmjs.org/uglify-js/-/uglify-js-2.2.5.tgz#a6e02a70d839792b9780488b7b8b184c095c99c7"
  dependencies:
    optimist "~0.3.5"
    source-map "~0.1.7"

uglify-js@~2.4.0, uglify-js@~2.4.12:
  version "2.4.24"
  resolved "http://registry.npmjs.org/uglify-js/-/uglify-js-2.4.24.tgz#fad5755c1e1577658bb06ff9ab6e548c95bebd6e"
  dependencies:
    async "~0.2.6"
    source-map "0.1.34"
    uglify-to-browserify "~1.0.0"
    yargs "~3.5.4"

uglify-to-browserify@~1.0.0:
  version "1.0.2"
  resolved "https://registry.yarnpkg.com/uglify-to-browserify/-/uglify-to-browserify-1.0.2.tgz#6e0924d6bda6b5afe349e39a6d632850a0f882b7"

underscore@1.6.0:
  version "1.6.0"
  resolved "https://registry.yarnpkg.com/underscore/-/underscore-1.6.0.tgz#8b38b10cacdef63337b8b24e4ff86d45aea529a8"

utf8@2.0.0:
  version "2.0.0"
  resolved "https://registry.yarnpkg.com/utf8/-/utf8-2.0.0.tgz#79ce59eced874809cab9a71fc7102c7d45d4118d"

utils-merge@1.0.0:
  version "1.0.0"
  resolved "https://registry.yarnpkg.com/utils-merge/-/utils-merge-1.0.0.tgz#0294fb922bb9375153541c4f7096231f287c8af8"

vary@0.1.0:
  version "0.1.0"
  resolved "https://registry.yarnpkg.com/vary/-/vary-0.1.0.tgz#df0945899e93c0cc5bd18cc8321d9d21e74f6176"

window-size@0.1.0:
  version "0.1.0"
  resolved "https://registry.yarnpkg.com/window-size/-/window-size-0.1.0.tgz#5438cd2ea93b202efa3a19fe8887aee7c94f9c9d"

with@~3.0.0:
  version "3.0.1"
  resolved "https://registry.yarnpkg.com/with/-/with-3.0.1.tgz#08354da410243cf6173fb142bb04e6c66f96f854"
  dependencies:
    uglify-js "~2.4.12"

wordwrap@0.0.2:
  version "0.0.2"
  resolved "https://registry.yarnpkg.com/wordwrap/-/wordwrap-0.0.2.tgz#b79669bb42ecb409f83d583cad52ca17eaa1643f"

wordwrap@~0.0.2:
  version "0.0.3"
  resolved "https://registry.yarnpkg.com/wordwrap/-/wordwrap-0.0.3.tgz#a3d5da6cd5c0bc0008d37234bbaf1bed63059107"

ws@0.4.31:
  version "0.4.31"
  resolved "https://registry.yarnpkg.com/ws/-/ws-0.4.31.tgz#5a4849e7a9ccd1ed5a81aeb4847c9fedf3122927"
  dependencies:
    commander "~0.6.1"
    nan "~0.3.0"
    options ">=0.0.5"
    tinycolor "0.x"

"xmlhttprequest@https://github.com/LearnBoost/node-XMLHttpRequest/archive/0f36d0b5ebc03d85f860d42a64ae9791e1daa433.tar.gz":
  version "1.5.0"
  resolved "https://github.com/LearnBoost/node-XMLHttpRequest/archive/0f36d0b5ebc03d85f860d42a64ae9791e1daa433.tar.gz#0f5d53139bb6b763ef5ca92565262b9f9b2087b9"

yargs@~3.5.4:
  version "3.5.4"
  resolved "http://registry.npmjs.org/yargs/-/yargs-3.5.4.tgz#d8aff8f665e94c34bd259bdebd1bfaf0ddd35361"
  dependencies:
    camelcase "^1.0.2"
    decamelize "^1.0.0"
    window-size "0.1.0"
    wordwrap "0.0.2"
